
Microsoft Visual Studio Solution File, Format Version 12.00
# Visual Studio Version 17
VisualStudioVersion = 17.12.35506.116
MinimumVisualStudioVersion = 10.0.40219.1
Project("{FAE04EC0-301F-11D3-BF4B-00C04F79EFBC}") = "SolitaireApp", "SolitaireApp\SolitaireApp.csproj", "{EF30CAC1-DE4C-45FE-AA71-B7D17B9C7B99}"
EndProject
Project("{FAE04EC0-301F-11D3-BF4B-00C04F79EFBC}") = "SolitaireCore", "SolitaireCore\SolitaireCore.csproj", "{9652C8C0-4A82-4486-BDE5-5F19CB38B744}"
EndProject
Project("{FAE04EC0-301F-11D3-BF4B-00C04F79EFBC}") = "SolitaireCore.Tests", "SolitaireCore.Tests\SolitaireCore.Tests.csproj", "{C8C1A963-D533-4D97-B1EA-E55DC1116BF0}"
EndProject
Project("{FAE04EC0-301F-11D3-BF4B-00C04F79EFBC}") = "TestRunner", "TestRunner\TestRunner.csproj", "{827A2DF9-77AD-4A0A-A536-69F4C6A4ED86}"
EndProject
Global
	GlobalSection(SolutionConfigurationPlatforms) = preSolution
		Debug|Any CPU = Debug|Any CPU
		Release|Any CPU = Release|Any CPU
	EndGlobalSection
	GlobalSection(ProjectConfigurationPlatforms) = postSolution
		{EF30CAC1-DE4C-45FE-AA71-B7D17B9C7B99}.Debug|Any CPU.ActiveCfg = Debug|Any CPU
		{EF30CAC1-DE4C-45FE-AA71-B7D17B9C7B99}.Debug|Any CPU.Build.0 = Debug|Any CPU
		{EF30CAC1-DE4C-45FE-AA71-B7D17B9C7B99}.Debug|Any CPU.Deploy.0 = Debug|Any CPU
		{EF30CAC1-DE4C-45FE-AA71-B7D17B9C7B99}.Release|Any CPU.ActiveCfg = Release|Any CPU
		{EF30CAC1-DE4C-45FE-AA71-B7D17B9C7B99}.Release|Any CPU.Build.0 = Release|Any CPU
		{EF30CAC1-DE4C-45FE-AA71-B7D17B9C7B99}.Release|Any CPU.Deploy.0 = Release|Any CPU
		{9652C8C0-4A82-4486-BDE5-5F19CB38B744}.Debug|Any CPU.ActiveCfg = Debug|Any CPU
		{9652C8C0-4A82-4486-BDE5-5F19CB38B744}.Debug|Any CPU.Build.0 = Debug|Any CPU
		{9652C8C0-4A82-4486-BDE5-5F19CB38B744}.Release|Any CPU.ActiveCfg = Release|Any CPU
		{9652C8C0-4A82-4486-BDE5-5F19CB38B744}.Release|Any CPU.Build.0 = Release|Any CPU
		{C8C1A963-D533-4D97-B1EA-E55DC1116BF0}.Debug|Any CPU.ActiveCfg = Debug|Any CPU
		{C8C1A963-D533-4D97-B1EA-E55DC1116BF0}.Debug|Any CPU.Build.0 = Debug|Any CPU
		{C8C1A963-D533-4D97-B1EA-E55DC1116BF0}.Release|Any CPU.ActiveCfg = Release|Any CPU
		{C8C1A963-D533-4D97-B1EA-E55DC1116BF0}.Release|Any CPU.Build.0 = Release|Any CPU
		{827A2DF9-77AD-4A0A-A536-69F4C6A4ED86}.Debug|Any CPU.ActiveCfg = Debug|Any CPU
		{827A2DF9-77AD-4A0A-A536-69F4C6A4ED86}.Debug|Any CPU.Build.0 = Debug|Any CPU
		{827A2DF9-77AD-4A0A-A536-69F4C6A4ED86}.Release|Any CPU.ActiveCfg = Release|Any CPU
		{827A2DF9-77AD-4A0A-A536-69F4C6A4ED86}.Release|Any CPU.Build.0 = Release|Any CPU
	EndGlobalSection
	GlobalSection(SolutionProperties) = preSolution
		HideSolutionNode = FALSE
	EndGlobalSection
EndGlobal
